
Microsoft Visual Studio Solution File, Format Version 12.00
# Visual Studio Version 17
VisualStudioVersion = 17.11.35312.102
MinimumVisualStudioVersion = 10.0.40219.1
Project("{FAE04EC0-301F-11D3-BF4B-00C04F79EFBC}") = "EjemploBindingControles", "EjemploBindingControles\EjemploBindingControles.csproj", "{FD3C8732-4CDB-48B3-A1F6-F94FA960A842}"
EndProject
Project("{FAE04EC0-301F-11D3-BF4B-00C04F79EFBC}") = "EjemploBindingConClases", "EjemploBindingConClases\EjemploBindingConClases.csproj", "{0894BE9A-3FC8-419B-8423-DA2A0E5197E8}"
EndProject
Global
	GlobalSection(SolutionConfigurationPlatforms) = preSolution
		Debug|Any CPU = Debug|Any CPU
		Release|Any CPU = Release|Any CPU
	EndGlobalSection
	GlobalSection(ProjectConfigurationPlatforms) = postSolution
		{FD3C8732-4CDB-48B3-A1F6-F94FA960A842}.Debug|Any CPU.ActiveCfg = Debug|Any CPU
		{FD3C8732-4CDB-48B3-A1F6-F94FA960A842}.Debug|Any CPU.Build.0 = Debug|Any CPU
		{FD3C8732-4CDB-48B3-A1F6-F94FA960A842}.Release|Any CPU.ActiveCfg = Release|Any CPU
		{FD3C8732-4CDB-48B3-A1F6-F94FA960A842}.Release|Any CPU.Build.0 = Release|Any CPU
		{0894BE9A-3FC8-419B-8423-DA2A0E5197E8}.Debug|Any CPU.ActiveCfg = Debug|Any CPU
		{0894BE9A-3FC8-419B-8423-DA2A0E5197E8}.Debug|Any CPU.Build.0 = Debug|Any CPU
		{0894BE9A-3FC8-419B-8423-DA2A0E5197E8}.Release|Any CPU.ActiveCfg = Release|Any CPU
		{0894BE9A-3FC8-419B-8423-DA2A0E5197E8}.Release|Any CPU.Build.0 = Release|Any CPU
	EndGlobalSection
	GlobalSection(SolutionProperties) = preSolution
		HideSolutionNode = FALSE
	EndGlobalSection
	GlobalSection(ExtensibilityGlobals) = postSolution
		SolutionGuid = {A0E52F81-1874-4C16-B0E2-58215FA56565}
	EndGlobalSection
EndGlobal
