
Microsoft Visual Studio Solution File, Format Version 12.00
# Visual Studio Version 17
VisualStudioVersion = 17.11.35312.102
MinimumVisualStudioVersion = 10.0.40219.1
Project("{FAE04EC0-301F-11D3-BF4B-00C04F79EFBC}") = "Ejercicio-PictureBox", "Ejercicios-WindowForm\Ejercicio-PictureBox.csproj", "{48BA4DDE-6EA9-4A53-9CC6-A930C8232088}"
EndProject
Project("{FAE04EC0-301F-11D3-BF4B-00C04F79EFBC}") = "Ejecicio-ComboBox", "Ejecicio-ComboBox\Ejecicio-ComboBox.csproj", "{DD0CAE6A-0985-4D2B-9357-1336C384B943}"
EndProject
Global
	GlobalSection(SolutionConfigurationPlatforms) = preSolution
		Debug|Any CPU = Debug|Any CPU
		Release|Any CPU = Release|Any CPU
	EndGlobalSection
	GlobalSection(ProjectConfigurationPlatforms) = postSolution
		{48BA4DDE-6EA9-4A53-9CC6-A930C8232088}.Debug|Any CPU.ActiveCfg = Debug|Any CPU
		{48BA4DDE-6EA9-4A53-9CC6-A930C8232088}.Debug|Any CPU.Build.0 = Debug|Any CPU
		{48BA4DDE-6EA9-4A53-9CC6-A930C8232088}.Release|Any CPU.ActiveCfg = Release|Any CPU
		{48BA4DDE-6EA9-4A53-9CC6-A930C8232088}.Release|Any CPU.Build.0 = Release|Any CPU
		{DD0CAE6A-0985-4D2B-9357-1336C384B943}.Debug|Any CPU.ActiveCfg = Debug|Any CPU
		{DD0CAE6A-0985-4D2B-9357-1336C384B943}.Debug|Any CPU.Build.0 = Debug|Any CPU
		{DD0CAE6A-0985-4D2B-9357-1336C384B943}.Release|Any CPU.ActiveCfg = Release|Any CPU
		{DD0CAE6A-0985-4D2B-9357-1336C384B943}.Release|Any CPU.Build.0 = Release|Any CPU
	EndGlobalSection
	GlobalSection(SolutionProperties) = preSolution
		HideSolutionNode = FALSE
	EndGlobalSection
	GlobalSection(ExtensibilityGlobals) = postSolution
		SolutionGuid = {48077873-0CCD-4FC9-AACA-47529760C81F}
	EndGlobalSection
EndGlobal
