
Microsoft Visual Studio Solution File, Format Version 12.00
# Visual Studio Version 17
VisualStudioVersion = 17.10.35122.118
MinimumVisualStudioVersion = 10.0.40219.1
Project("{FAE04EC0-301F-11D3-BF4B-00C04F79EFBC}") = "UD3-Biblioteca1WF", "UD3-Biblioteca1WF.csproj", "{EFE359AA-9D17-4AE1-9891-C4BC3486DA1A}"
EndProject
Global
	GlobalSection(SolutionConfigurationPlatforms) = preSolution
		Debug|Any CPU = Debug|Any CPU
		Release|Any CPU = Release|Any CPU
	EndGlobalSection
	GlobalSection(ProjectConfigurationPlatforms) = postSolution
		{EFE359AA-9D17-4AE1-9891-C4BC3486DA1A}.Debug|Any CPU.ActiveCfg = Debug|Any CPU
		{EFE359AA-9D17-4AE1-9891-C4BC3486DA1A}.Debug|Any CPU.Build.0 = Debug|Any CPU
		{EFE359AA-9D17-4AE1-9891-C4BC3486DA1A}.Release|Any CPU.ActiveCfg = Release|Any CPU
		{EFE359AA-9D17-4AE1-9891-C4BC3486DA1A}.Release|Any CPU.Build.0 = Release|Any CPU
	EndGlobalSection
	GlobalSection(SolutionProperties) = preSolution
		HideSolutionNode = FALSE
	EndGlobalSection
	GlobalSection(ExtensibilityGlobals) = postSolution
		SolutionGuid = {791FC576-B96C-4C8A-8C54-9110346B6CD3}
	EndGlobalSection
EndGlobal
