
Microsoft Visual Studio Solution File, Format Version 12.00
# Visual Studio Version 17
VisualStudioVersion = 17.11.35327.3
MinimumVisualStudioVersion = 10.0.40219.1
Project("{FAE04EC0-301F-11D3-BF4B-00C04F79EFBC}") = "LoginFormulario", "LoginFormulario\LoginFormulario.csproj", "{F17074A4-66F9-406C-836C-83A35B1CEA77}"
EndProject
Project("{FAE04EC0-301F-11D3-BF4B-00C04F79EFBC}") = "EjercicioBiblioteca", "EjercicioBiblioteca\EjercicioBiblioteca.csproj", "{A8827090-2C2F-4F3B-A653-F56CEEED7D09}"
EndProject
Global
	GlobalSection(SolutionConfigurationPlatforms) = preSolution
		Debug|Any CPU = Debug|Any CPU
		Release|Any CPU = Release|Any CPU
	EndGlobalSection
	GlobalSection(ProjectConfigurationPlatforms) = postSolution
		{F17074A4-66F9-406C-836C-83A35B1CEA77}.Debug|Any CPU.ActiveCfg = Debug|Any CPU
		{F17074A4-66F9-406C-836C-83A35B1CEA77}.Debug|Any CPU.Build.0 = Debug|Any CPU
		{F17074A4-66F9-406C-836C-83A35B1CEA77}.Release|Any CPU.ActiveCfg = Release|Any CPU
		{F17074A4-66F9-406C-836C-83A35B1CEA77}.Release|Any CPU.Build.0 = Release|Any CPU
		{A8827090-2C2F-4F3B-A653-F56CEEED7D09}.Debug|Any CPU.ActiveCfg = Debug|Any CPU
		{A8827090-2C2F-4F3B-A653-F56CEEED7D09}.Debug|Any CPU.Build.0 = Debug|Any CPU
		{A8827090-2C2F-4F3B-A653-F56CEEED7D09}.Release|Any CPU.ActiveCfg = Release|Any CPU
		{A8827090-2C2F-4F3B-A653-F56CEEED7D09}.Release|Any CPU.Build.0 = Release|Any CPU
	EndGlobalSection
	GlobalSection(SolutionProperties) = preSolution
		HideSolutionNode = FALSE
	EndGlobalSection
	GlobalSection(ExtensibilityGlobals) = postSolution
		SolutionGuid = {A0820735-75A8-4492-97BE-0268CF9BE6F3}
	EndGlobalSection
EndGlobal
