
Microsoft Visual Studio Solution File, Format Version 12.00
# Visual Studio Version 17
VisualStudioVersion = 17.11.35219.272
MinimumVisualStudioVersion = 10.0.40219.1
Project("{FAE04EC0-301F-11D3-BF4B-00C04F79EFBC}") = "UD5-PUnitariaFeria", "UD1-Ejercicio1-FeriaCordoba\UD5-PUnitariaFeria.csproj", "{C6205185-9034-4090-865B-7A5D8F8B5044}"
EndProject
Project("{FAE04EC0-301F-11D3-BF4B-00C04F79EFBC}") = "UD5-PUnitariaFeriaTest", "UD1-Ejercicio1-FeriaCordobaTests\UD5-PUnitariaFeriaTest.csproj", "{77ED38AF-14F1-47FF-B7B2-4C35A29F87C7}"
EndProject
Global
	GlobalSection(SolutionConfigurationPlatforms) = preSolution
		Debug|Any CPU = Debug|Any CPU
		Release|Any CPU = Release|Any CPU
	EndGlobalSection
	GlobalSection(ProjectConfigurationPlatforms) = postSolution
		{C6205185-9034-4090-865B-7A5D8F8B5044}.Debug|Any CPU.ActiveCfg = Debug|Any CPU
		{C6205185-9034-4090-865B-7A5D8F8B5044}.Debug|Any CPU.Build.0 = Debug|Any CPU
		{C6205185-9034-4090-865B-7A5D8F8B5044}.Release|Any CPU.ActiveCfg = Release|Any CPU
		{C6205185-9034-4090-865B-7A5D8F8B5044}.Release|Any CPU.Build.0 = Release|Any CPU
		{77ED38AF-14F1-47FF-B7B2-4C35A29F87C7}.Debug|Any CPU.ActiveCfg = Debug|Any CPU
		{77ED38AF-14F1-47FF-B7B2-4C35A29F87C7}.Debug|Any CPU.Build.0 = Debug|Any CPU
		{77ED38AF-14F1-47FF-B7B2-4C35A29F87C7}.Release|Any CPU.ActiveCfg = Release|Any CPU
		{77ED38AF-14F1-47FF-B7B2-4C35A29F87C7}.Release|Any CPU.Build.0 = Release|Any CPU
	EndGlobalSection
	GlobalSection(SolutionProperties) = preSolution
		HideSolutionNode = FALSE
	EndGlobalSection
	GlobalSection(ExtensibilityGlobals) = postSolution
		SolutionGuid = {5FA6FACD-5E82-447F-B7B8-62FC1DD2529C}
	EndGlobalSection
EndGlobal
