
Microsoft Visual Studio Solution File, Format Version 12.00
# Visual Studio Version 17
VisualStudioVersion = 17.11.35312.102
MinimumVisualStudioVersion = 10.0.40219.1
Project("{FAE04EC0-301F-11D3-BF4B-00C04F79EFBC}") = "Ejercicio2_AplicacionEscritorioWindowsForms", "Ejercicio2_AplicacionEscritorioWindowsForms\Ejercicio2_AplicacionEscritorioWindowsForms.csproj", "{F6D80462-12CF-4680-BB2E-904BC59364D0}"
EndProject
Project("{FAE04EC0-301F-11D3-BF4B-00C04F79EFBC}") = "Ejercicio1_AplicacionPorConsola", "Ejercicio1_AplicacionPorConsola\Ejercicio1_AplicacionPorConsola.csproj", "{6E80ED90-79F7-4ED2-A2D2-8562A3368EC3}"
EndProject
Global
	GlobalSection(SolutionConfigurationPlatforms) = preSolution
		Debug|Any CPU = Debug|Any CPU
		Release|Any CPU = Release|Any CPU
	EndGlobalSection
	GlobalSection(ProjectConfigurationPlatforms) = postSolution
		{F6D80462-12CF-4680-BB2E-904BC59364D0}.Debug|Any CPU.ActiveCfg = Debug|Any CPU
		{F6D80462-12CF-4680-BB2E-904BC59364D0}.Debug|Any CPU.Build.0 = Debug|Any CPU
		{F6D80462-12CF-4680-BB2E-904BC59364D0}.Release|Any CPU.ActiveCfg = Release|Any CPU
		{F6D80462-12CF-4680-BB2E-904BC59364D0}.Release|Any CPU.Build.0 = Release|Any CPU
		{6E80ED90-79F7-4ED2-A2D2-8562A3368EC3}.Debug|Any CPU.ActiveCfg = Debug|Any CPU
		{6E80ED90-79F7-4ED2-A2D2-8562A3368EC3}.Debug|Any CPU.Build.0 = Debug|Any CPU
		{6E80ED90-79F7-4ED2-A2D2-8562A3368EC3}.Release|Any CPU.ActiveCfg = Release|Any CPU
		{6E80ED90-79F7-4ED2-A2D2-8562A3368EC3}.Release|Any CPU.Build.0 = Release|Any CPU
	EndGlobalSection
	GlobalSection(SolutionProperties) = preSolution
		HideSolutionNode = FALSE
	EndGlobalSection
	GlobalSection(ExtensibilityGlobals) = postSolution
		SolutionGuid = {5DA264D3-0E89-4C9B-ABC8-B8ACAD536BAA}
	EndGlobalSection
EndGlobal
