
Microsoft Visual Studio Solution File, Format Version 12.00
# Visual Studio Version 17
VisualStudioVersion = 17.11.35312.102
MinimumVisualStudioVersion = 10.0.40219.1
Project("{FAE04EC0-301F-11D3-BF4B-00C04F79EFBC}") = "Ejercicio1-CasaDelTerror", "Ejercicio1-CasaDelTerror\Ejercicio1-CasaDelTerror.csproj", "{DC673645-C9DC-46B3-8E33-24E73AC15AD2}"
EndProject
Project("{FAE04EC0-301F-11D3-BF4B-00C04F79EFBC}") = "EjercicioGimnasio", "EjercicioGimnasio\EjercicioGimnasio.csproj", "{4DCD8B34-C79B-43D7-8546-44C5A9146744}"
EndProject
Project("{FAE04EC0-301F-11D3-BF4B-00C04F79EFBC}") = "Ejercicio_AdivinarNumero", "Ejercicio_AdivinarNumero\Ejercicio_AdivinarNumero.csproj", "{9BA68A05-0AFD-49D6-970F-2074DA48F61A}"
EndProject
Project("{FAE04EC0-301F-11D3-BF4B-00C04F79EFBC}") = "Ejercicio-Encuesta", "Ejercicio-Encuesta\Ejercicio-Encuesta.csproj", "{FA90E141-129F-4848-A088-9A4B2EE5C92E}"
EndProject
Global
	GlobalSection(SolutionConfigurationPlatforms) = preSolution
		Debug|Any CPU = Debug|Any CPU
		Release|Any CPU = Release|Any CPU
	EndGlobalSection
	GlobalSection(ProjectConfigurationPlatforms) = postSolution
		{DC673645-C9DC-46B3-8E33-24E73AC15AD2}.Debug|Any CPU.ActiveCfg = Debug|Any CPU
		{DC673645-C9DC-46B3-8E33-24E73AC15AD2}.Debug|Any CPU.Build.0 = Debug|Any CPU
		{DC673645-C9DC-46B3-8E33-24E73AC15AD2}.Release|Any CPU.ActiveCfg = Release|Any CPU
		{DC673645-C9DC-46B3-8E33-24E73AC15AD2}.Release|Any CPU.Build.0 = Release|Any CPU
		{4DCD8B34-C79B-43D7-8546-44C5A9146744}.Debug|Any CPU.ActiveCfg = Debug|Any CPU
		{4DCD8B34-C79B-43D7-8546-44C5A9146744}.Debug|Any CPU.Build.0 = Debug|Any CPU
		{4DCD8B34-C79B-43D7-8546-44C5A9146744}.Release|Any CPU.ActiveCfg = Release|Any CPU
		{4DCD8B34-C79B-43D7-8546-44C5A9146744}.Release|Any CPU.Build.0 = Release|Any CPU
		{9BA68A05-0AFD-49D6-970F-2074DA48F61A}.Debug|Any CPU.ActiveCfg = Debug|Any CPU
		{9BA68A05-0AFD-49D6-970F-2074DA48F61A}.Debug|Any CPU.Build.0 = Debug|Any CPU
		{9BA68A05-0AFD-49D6-970F-2074DA48F61A}.Release|Any CPU.ActiveCfg = Release|Any CPU
		{9BA68A05-0AFD-49D6-970F-2074DA48F61A}.Release|Any CPU.Build.0 = Release|Any CPU
		{FA90E141-129F-4848-A088-9A4B2EE5C92E}.Debug|Any CPU.ActiveCfg = Debug|Any CPU
		{FA90E141-129F-4848-A088-9A4B2EE5C92E}.Debug|Any CPU.Build.0 = Debug|Any CPU
		{FA90E141-129F-4848-A088-9A4B2EE5C92E}.Release|Any CPU.ActiveCfg = Release|Any CPU
		{FA90E141-129F-4848-A088-9A4B2EE5C92E}.Release|Any CPU.Build.0 = Release|Any CPU
	EndGlobalSection
	GlobalSection(SolutionProperties) = preSolution
		HideSolutionNode = FALSE
	EndGlobalSection
	GlobalSection(ExtensibilityGlobals) = postSolution
		SolutionGuid = {05320426-A2D6-4F06-86B8-43012DB99B7A}
	EndGlobalSection
EndGlobal
